# This file is autogenerated, do not edit; changes may be undone by the next 'dep ensure'.


[[projects]]
  branch = "master"
  name = "github.com/GeertJohan/go.rice"
  packages = [
    ".",
    "embedded"
  ]
  revision = "c02ca9a983da5807ddf7d796784928f5be4afd09"

[[projects]]
  branch = "master"
  name = "github.com/daaku/go.zipexe"
  packages = ["."]
  revision = "a5fe2436ffcb3236e175e5149162b41cd28bd27d"

[[projects]]
  branch = "master"
  name = "github.com/kardianos/osext"
  packages = ["."]
  revision = "ae77be60afb1dcacde03767a8c37337fad28ac14"

[[projects]]
  branch = "master"
  name = "github.com/lxn/win"
  packages = ["."]
  revision = "aaf8f59e531a7f484381fbc5453def0cffe9c526"

[[projects]]
  branch = "master"
  name = "github.com/sciter-sdk/go-sciter"
  packages = [
    ".",
    "rice",
    "window"
  ]
  revision = "c669d10c28344394023b89519f3f7a514df0229a"

[solve-meta]
  analyzer-name = "dep"
  analyzer-version = 1
  inputs-digest = "ff1f48d55fa4ff4bc19562d56b49f84658e5d7157fe00bbd35706ddb4fb15620"
  solver-name = "gps-cdcl"
  solver-version = 1
