# This file is autogenerated, do not edit; changes may be undone by the next 'dep ensure'.


[[projects]]
  branch = "master"
  digest = "1:c77f027122b276084943dfb40e15b90fe13130b5d86b00e3893a202920a07666"
  name = "github.com/GeertJohan/go.rice"
  packages = [
    ".",
    "embedded",
  ]
  pruneopts = ""
  revision = "c02ca9a983da5807ddf7d796784928f5be4afd09"

[[projects]]
  digest = "1:b4dc60692f417c845b6e2b795ea5a84ea497e9e2a68ac9a42a773c3460a264eb"
  name = "github.com/albenik/go-serial"
  packages = [
    ".",
    "unixutils",
  ]
  pruneopts = ""
  revision = "b139fa0a976f7be341c14089fb681e29fd74f327"
  version = "v1.0.2"

[[projects]]
  branch = "master"
  digest = "1:aaddade4a57fd99f232a69db2dafa00780bdc6a80001e0a78fcc1fdec3e3c5ea"
  name = "github.com/creack/goselect"
  packages = ["."]
  pruneopts = ""
  revision = "58854f77ee8d858ce751b0a9bcc5533fef7bfa9e"

[[projects]]
  branch = "master"
  digest = "1:5fd5c4d4282935b7a575299494f2c09e9d2cacded7815c83aff7c1602aff3154"
  name = "github.com/daaku/go.zipexe"
  packages = ["."]
  pruneopts = ""
  revision = "a5fe2436ffcb3236e175e5149162b41cd28bd27d"

[[projects]]
  branch = "master"
  digest = "1:2c5ad58492804c40bdaf5d92039b0cde8b5becd2b7feeb37d7d1cc36a8aa8dbe"
  name = "github.com/kardianos/osext"
  packages = ["."]
  pruneopts = ""
  revision = "ae77be60afb1dcacde03767a8c37337fad28ac14"

[[projects]]
  branch = "master"
  digest = "1:fe2ae76c3067e286942934ebae3b9e6af25f7af88702c969981f4ca20ea16fe6"
  name = "github.com/lxn/win"
  packages = ["."]
  pruneopts = ""
  revision = "7e1250ba2e7749fb9eb865da9ee93fb5a2fe73f1"

[[projects]]
  branch = "master"
  digest = "1:c2d21c6b523207b6fbf487ef787f4ee76ccf0582b35a49923cc35693ec5e1929"
  name = "github.com/sciter-sdk/go-sciter"
  packages = [
    ".",
    "rice",
    "window",
  ]
  pruneopts = ""
  revision = "93a8d4dc5b64c7d73b9951b48168513e663ab8d0"

[[projects]]
  branch = "master"
  digest = "1:18f8640a7a7f1844cf338fb448f514d3a6ea6e8a0fd90a9a2047434cbd588c0c"
  name = "go.bug.st/serial.v1"
  packages = [
    ".",
    "unixutils",
  ]
  pruneopts = ""
  revision = "eae1344f9f90101f887b08d13391c34399f97873"

[[projects]]
  branch = "master"
  digest = "1:fc09534937ffcb895afa163b695c62206c3a9e487ea12d30d9e8b5ab7801a7ba"
  name = "golang.org/x/sys"
  packages = [
    "unix",
    "windows",
  ]
  pruneopts = ""
  revision = "e072cadbbdc8dd3d3ffa82b8b4b9304c261d9311"

[solve-meta]
  analyzer-name = "dep"
  analyzer-version = 1
  input-imports = [
    "github.com/albenik/go-serial",
    "github.com/sciter-sdk/go-sciter",
    "github.com/sciter-sdk/go-sciter/rice",
    "github.com/sciter-sdk/go-sciter/window",
    "go.bug.st/serial.v1",
  ]
  solver-name = "gps-cdcl"
  solver-version = 1
